// !$*UTF8*$!
{
	archiveVersion = 1;
	classes = {
	};
	objectVersion = 50;
	objects = {

/* Begin PBXBuildFile section */
		318D672222E981D900B4B1BB /* AppDelegate.m in Sources */ = {isa = PBXBuildFile; fileRef = 318D672122E981D900B4B1BB /* AppDelegate.m */; };
		318D672522E981D900B4B1BB /* ViewController.m in Sources */ = {isa = PBXBuildFile; fileRef = 318D672422E981D900B4B1BB /* ViewController.m */; };
		318D672822E981D900B4B1BB /* Main.storyboard in Resources */ = {isa = PBXBuildFile; fileRef = 318D672622E981D900B4B1BB /* Main.storyboard */; };
		318D672A22E981DA00B4B1BB /* Assets.xcassets in Resources */ = {isa = PBXBuildFile; fileRef = 318D672922E981DA00B4B1BB /* Assets.xcassets */; };
		318D672D22E981DA00B4B1BB /* LaunchScreen.storyboard in Resources */ = {isa = PBXBuildFile; fileRef = 318D672B22E981DA00B4B1BB /* LaunchScreen.storyboard */; };
		318D673022E981DA00B4B1BB /* main.m in Sources */ = {isa = PBXBuildFile; fileRef = 318D672F22E981DA00B4B1BB /* main.m */; };
		318D673822E981ED00B4B1BB /* YSButton.m in Sources */ = {isa = PBXBuildFile; fileRef = 318D673722E981ED00B4B1BB /* YSButton.m */; };
/* End PBXBuildFile section */

/* Begin PBXFileReference section */
		318D671D22E981D900B4B1BB /* YSButton.app */ = {isa = PBXFileReference; explicitFileType = wrapper.application; includeInIndex = 0; path = YSButton.app; sourceTree = BUILT_PRODUCTS_DIR; };
		318D672022E981D900B4B1BB /* AppDelegate.h */ = {isa = PBXFileReference; lastKnownFileType = sourcecode.c.h; path = AppDelegate.h; sourceTree = "<group>"; };
		318D672122E981D900B4B1BB /* AppDelegate.m */ = {isa = PBXFileReference; lastKnownFileType = sourcecode.c.objc; path = AppDelegate.m; sourceTree = "<group>"; };
		318D672322E981D900B4B1BB /* ViewController.h */ = {isa = PBXFileReference; lastKnownFileType = sourcecode.c.h; path = ViewController.h; sourceTree = "<group>"; };
		318D672422E981D900B4B1BB /* ViewController.m */ = {isa = PBXFileReference; lastKnownFileType = sourcecode.c.objc; path = ViewController.m; sourceTree = "<group>"; };
		318D672722E981D900B4B1BB /* Base */ = {isa = PBXFileReference; lastKnownFileType = file.storyboard; name = Base; path = Base.lproj/Main.storyboard; sourceTree = "<group>"; };
		318D672922E981DA00B4B1BB /* Assets.xcassets */ = {isa = PBXFileReference; lastKnownFileType = folder.assetcatalog; path = Assets.xcassets; sourceTree = "<group>"; };
		318D672C22E981DA00B4B1BB /* Base */ = {isa = PBXFileReference; lastKnownFileType = file.storyboard; name = Base; path = Base.lproj/LaunchScreen.storyboard; sourceTree = "<group>"; };
		318D672E22E981DA00B4B1BB /* Info.plist */ = {isa = PBXFileReference; lastKnownFileType = text.plist.xml; path = Info.plist; sourceTree = "<group>"; };
		318D672F22E981DA00B4B1BB /* main.m */ = {isa = PBXFileReference; lastKnownFileType = sourcecode.c.objc; path = main.m; sourceTree = "<group>"; };
		318D673622E981ED00B4B1BB /* YSButton.h */ = {isa = PBXFileReference; fileEncoding = 4; lastKnownFileType = sourcecode.c.h; path = YSButton.h; sourceTree = "<group>"; };
		318D673722E981ED00B4B1BB /* YSButton.m */ = {isa = PBXFileReference; fileEncoding = 4; lastKnownFileType = sourcecode.c.objc; path = YSButton.m; sourceTree = "<group>"; };
/* End PBXFileReference section */

/* Begin PBXFrameworksBuildPhase section */
		318D671A22E981D900B4B1BB /* Frameworks */ = {
			isa = PBXFrameworksBuildPhase;
			buildActionMask = 2147483647;
			files = (
			);
			runOnlyForDeploymentPostprocessing = 0;
		};
/* End PBXFrameworksBuildPhase section */

/* Begin PBXGroup section */
		318D671422E981D900B4B1BB = {
			isa = PBXGroup;
			children = (
				318D671F22E981D900B4B1BB /* YSButton */,
				318D671E22E981D900B4B1BB /* Products */,
			);
			sourceTree = "<group>";
		};
		318D671E22E981D900B4B1BB /* Products */ = {
			isa = PBXGroup;
			children = (
				318D671D22E981D900B4B1BB /* YSButton.app */,
			);
			name = Products;
			sourceTree = "<group>";
		};
		318D671F22E981D900B4B1BB /* YSButton */ = {
			isa = PBXGroup;
			children = (
				318D672022E981D900B4B1BB /* AppDelegate.h */,
				318D672322E981D900B4B1BB /* ViewController.h */,
				318D672122E981D900B4B1BB /* AppDelegate.m */,
				318D672F22E981DA00B4B1BB /* main.m */,
				318D672422E981D900B4B1BB /* ViewController.m */,
				318D672E22E981DA00B4B1BB /* Info.plist */,
				318D672922E981DA00B4B1BB /* Assets.xcassets */,
				318D672B22E981DA00B4B1BB /* LaunchScreen.storyboard */,
				318D672622E981D900B4B1BB /* Main.storyboard */,
				318D673922E981F500B4B1BB /* YSButton */,
			);
			path = YSButton;
			sourceTree = "<group>";
		};
		318D673922E981F500B4B1BB /* YSButton */ = {
			isa = PBXGroup;
			children = (
				318D673622E981ED00B4B1BB /* YSButton.h */,
				318D673722E981ED00B4B1BB /* YSButton.m */,
			);
			path = YSButton;
			sourceTree = "<group>";
		};
/* End PBXGroup section */

/* Begin PBXNativeTarget section */
		318D671C22E981D900B4B1BB /* YSButton */ = {
			isa = PBXNativeTarget;
			buildConfigurationList = 318D673322E981DA00B4B1BB /* Build configuration list for PBXNativeTarget "YSButton" */;
			buildPhases = (
				318D671922E981D900B4B1BB /* Sources */,
				318D671A22E981D900B4B1BB /* Frameworks */,
				318D671B22E981D900B4B1BB /* Resources */,
			);
			buildRules = (
			);
			dependencies = (
			);
			name = YSButton;
			productName = YSButton;
			productReference = 318D671D22E981D900B4B1BB /* YSButton.app */;
			productType = "com.apple.product-type.application";
		};
/* End PBXNativeTarget section */

/* Begin PBXProject section */
		318D671522E981D900B4B1BB /* Project object */ = {
			isa = PBXProject;
			attributes = {
				LastUpgradeCheck = 1030;
				ORGANIZATIONNAME = YS;
				TargetAttributes = {
					318D671C22E981D900B4B1BB = {
						CreatedOnToolsVersion = 10.3;
					};
				};
			};
			buildConfigurationList = 318D671822E981D900B4B1BB /* Build configuration list for PBXProject "YSButton" */;
			compatibilityVersion = "Xcode 9.3";
			developmentRegion = en;
			hasScannedForEncodings = 0;
			knownRegions = (
				en,
				Base,
			);
			mainGroup = 318D671422E981D900B4B1BB;
			productRefGroup = 318D671E22E981D900B4B1BB /* Products */;
			projectDirPath = "";
			projectRoot = "";
			targets = (
				318D671C22E981D900B4B1BB /* YSButton */,
			);
		};
/* End PBXProject section */

/* Begin PBXResourcesBuildPhase section */
		318D671B22E981D900B4B1BB /* Resources */ = {
			isa = PBXResourcesBuildPhase;
			buildActionMask = 2147483647;
			files = (
				318D672D22E981DA00B4B1BB /* LaunchScreen.storyboard in Resources */,
				318D672A22E981DA00B4B1BB /* Assets.xcassets in Resources */,
				318D672822E981D900B4B1BB /* Main.storyboard in Resources */,
			);
			runOnlyForDeploymentPostprocessing = 0;
		};
/* End PBXResourcesBuildPhase section */

/* Begin PBXSourcesBuildPhase section */
		318D671922E981D900B4B1BB /* Sources */ = {
			isa = PBXSourcesBuildPhase;
			buildActionMask = 2147483647;
			files = (
				318D672522E981D900B4B1BB /* ViewController.m in Sources */,
				318D673822E981ED00B4B1BB /* YSButton.m in Sources */,
				318D673022E981DA00B4B1BB /* main.m in Sources */,
				318D672222E981D900B4B1BB /* AppDelegate.m in Sources */,
			);
			runOnlyForDeploymentPostprocessing = 0;
		};
/* End PBXSourcesBuildPhase section */

/* Begin PBXVariantGroup section */
		318D672622E981D900B4B1BB /* Main.storyboard */ = {
			isa = PBXVariantGroup;
			children = (
				318D672722E981D900B4B1BB /* Base */,
			);
			name = Main.storyboard;
			sourceTree = "<group>";
		};
		318D672B22E981DA00B4B1BB /* LaunchScreen.storyboard */ = {
			isa = PBXVariantGroup;
			children = (
				318D672C22E981DA00B4B1BB /* Base */,
			);
			name = LaunchScreen.storyboard;
			sourceTree = "<group>";
		};
/* End PBXVariantGroup section */

/* Begin XCBuildConfiguration section */
		318D673122E981DA00B4B1BB /* Debug */ = {
			isa = XCBuildConfiguration;
			buildSettings = {
				ALWAYS_SEARCH_USER_PATHS = NO;
				CLANG_ANALYZER_NONNULL = YES;
				CLANG_ANALYZER_NUMBER_OBJECT_CONVERSION = YES_AGGRESSIVE;
				CLANG_CXX_LANGUAGE_STANDARD = "gnu++14";
				CLANG_CXX_LIBRARY = "libc++";
				CLANG_ENABLE_MODULES = YES;
				CLANG_ENABLE_OBJC_ARC = YES;
				CLANG_ENABLE_OBJC_WEAK = YES;
				CLANG_WARN_BLOCK_CAPTURE_AUTORELEASING = YES;
				CLANG_WARN_BOOL_CONVERSION = YES;
				CLANG_WARN_COMMA = YES;
				CLANG_WARN_CONSTANT_CONVERSION = YES;
				CLANG_WARN_DEPRECATED_OBJC_IMPLEMENTATIONS = YES;
				CLANG_WARN_DIRECT_OBJC_ISA_USAGE = YES_ERROR;
				CLANG_WARN_DOCUMENTATION_COMMENTS = YES;
				CLANG_WARN_EMPTY_BODY = YES;
				CLANG_WARN_ENUM_CONVERSION = YES;
				CLANG_WARN_INFINITE_RECURSION = YES;
				CLANG_WARN_INT_CONVERSION = YES;
				CLANG_WARN_NON_LITERAL_NULL_CONVERSION = YES;
				CLANG_WARN_OBJC_IMPLICIT_RETAIN_SELF = YES;
				CLANG_WARN_OBJC_LITERAL_CONVERSION = YES;
				CLANG_WARN_OBJC_ROOT_CLASS = YES_ERROR;
				CLANG_WARN_RANGE_LOOP_ANALYSIS = YES;
				CLANG_WARN_STRICT_PROTOTYPES = YES;
				CLANG_WARN_SUSPICIOUS_MOVE = YES;
				CLANG_WARN_UNGUARDED_AVAILABILITY = YES_AGGRESSIVE;
				CLANG_WARN_UNREACHABLE_CODE = YES;
				CLANG_WARN__DUPLICATE_METHOD_MATCH = YES;
				CODE_SIGN_IDENTITY = "iPhone Developer";
				COPY_PHASE_STRIP = NO;
				DEBUG_INFORMATION_FORMAT = dwarf;
				ENABLE_STRICT_OBJC_MSGSEND = YES;
				ENABLE_TESTABILITY = YES;
				GCC_C_LANGUAGE_STANDARD = gnu11;
				GCC_DYNAMIC_NO_PIC = NO;
				GCC_NO_COMMON_BLOCKS = YES;
				GCC_OPTIMIZATION_LEVEL = 0;
				GCC_PREPROCESSOR_DEFINITIONS = (
					"DEBUG=1",
					"$(inherited)",
				);
				GCC_WARN_64_TO_32_BIT_CONVERSION = YES;
				GCC_WARN_ABOUT_RETURN_TYPE = YES_ERROR;
				GCC_WARN_UNDECLARED_SELECTOR = YES;
				GCC_WARN_UNINITIALIZED_AUTOS = YES_AGGRESSIVE;
				GCC_WARN_UNUSED_FUNCTION = YES;
				GCC_WARN_UNUSED_VARIABLE = YES;
				IPHONEOS_DEPLOYMENT_TARGET = 12.4;
				MTL_ENABLE_DEBUG_INFO = INCLUDE_SOURCE;
				MTL_FAST_MATH = YES;
				ONLY_ACTIVE_ARCH = YES;
				SDKROOT = iphoneos;
			};
			name = Debug;
		};
		318D673222E981DA00B4B1BB /* Release */ = {
			isa = XCBuildConfiguration;
			buildSettings = {
				ALWAYS_SEARCH_USER_PATHS = NO;
				CLANG_ANALYZER_NONNULL = YES;
				CLANG_ANALYZER_NUMBER_OBJECT_CONVERSION = YES_AGGRESSIVE;
				CLANG_CXX_LANGUAGE_STANDARD = "gnu++14";
				CLANG_CXX_LIBRARY = "libc++";
				CLANG_ENABLE_MODULES = YES;
				CLANG_ENABLE_OBJC_ARC = YES;
				CLANG_ENABLE_OBJC_WEAK = YES;
				CLANG_WARN_BLOCK_CAPTURE_AUTORELEASING = YES;
				CLANG_WARN_BOOL_CONVERSION = YES;
				CLANG_WARN_COMMA = YES;
				CLANG_WARN_CONSTANT_CONVERSION = YES;
				CLANG_WARN_DEPRECATED_OBJC_IMPLEMENTATIONS = YES;
				CLANG_WARN_DIRECT_OBJC_ISA_USAGE = YES_ERROR;
				CLANG_WARN_DOCUMENTATION_COMMENTS = YES;
				CLANG_WARN_EMPTY_BODY = YES;
				CLANG_WARN_ENUM_CONVERSION = YES;
				CLANG_WARN_INFINITE_RECURSION = YES;
				CLANG_WARN_INT_CONVERSION = YES;
				CLANG_WARN_NON_LITERAL_NULL_CONVERSION = YES;
				CLANG_WARN_OBJC_IMPLICIT_RETAIN_SELF = YES;
				CLANG_WARN_OBJC_LITERAL_CONVERSION = YES;
				CLANG_WARN_OBJC_ROOT_CLASS = YES_ERROR;
				CLANG_WARN_RANGE_LOOP_ANALYSIS = YES;
				CLANG_WARN_STRICT_PROTOTYPES = YES;
				CLANG_WARN_SUSPICIOUS_MOVE = YES;
				CLANG_WARN_UNGUARDED_AVAILABILITY = YES_AGGRESSIVE;
				CLANG_WARN_UNREACHABLE_CODE = YES;
				CLANG_WARN__DUPLICATE_METHOD_MATCH = YES;
				CODE_SIGN_IDENTITY = "iPhone Developer";
				COPY_PHASE_STRIP = NO;
				DEBUG_INFORMATION_FORMAT = "dwarf-with-dsym";
				ENABLE_NS_ASSERTIONS = NO;
				ENABLE_STRICT_OBJC_MSGSEND = YES;
				GCC_C_LANGUAGE_STANDARD = gnu11;
				GCC_NO_COMMON_BLOCKS = YES;
				GCC_WARN_64_TO_32_BIT_CONVERSION = YES;
				GCC_WARN_ABOUT_RETURN_TYPE = YES_ERROR;
				GCC_WARN_UNDECLARED_SELECTOR = YES;
				GCC_WARN_UNINITIALIZED_AUTOS = YES_AGGRESSIVE;
				GCC_WARN_UNUSED_FUNCTION = YES;
				GCC_WARN_UNUSED_VARIABLE = YES;
				IPHONEOS_DEPLOYMENT_TARGET = 12.4;
				MTL_ENABLE_DEBUG_INFO = NO;
				MTL_FAST_MATH = YES;
				SDKROOT = iphoneos;
				VALIDATE_PRODUCT = YES;
			};
			name = Release;
		};
		318D673422E981DA00B4B1BB /* Debug */ = {
			isa = XCBuildConfiguration;
			buildSettings = {
				ASSETCATALOG_COMPILER_APPICON_NAME = AppIcon;
				CODE_SIGN_STYLE = Automatic;
				DEVELOPMENT_TEAM = 2LYB75GL7S;
				INFOPLIST_FILE = YSButton/Info.plist;
				LD_RUNPATH_SEARCH_PATHS = (
					"$(inherited)",
					"@executable_path/Frameworks",
				);
				PRODUCT_BUNDLE_IDENTIFIER = com.ys.YSButton;
				PRODUCT_NAME = "$(TARGET_NAME)";
				TARGETED_DEVICE_FAMILY = "1,2";
			};
			name = Debug;
		};
		318D673522E981DA00B4B1BB /* Release */ = {
			isa = XCBuildConfiguration;
			buildSettings = {
				ASSETCATALOG_COMPILER_APPICON_NAME = AppIcon;
				CODE_SIGN_STYLE = Automatic;
				DEVELOPMENT_TEAM = 2LYB75GL7S;
				INFOPLIST_FILE = YSButton/Info.plist;
				LD_RUNPATH_SEARCH_PATHS = (
					"$(inherited)",
					"@executable_path/Frameworks",
				);
				PRODUCT_BUNDLE_IDENTIFIER = com.ys.YSButton;
				PRODUCT_NAME = "$(TARGET_NAME)";
				TARGETED_DEVICE_FAMILY = "1,2";
			};
			name = Release;
		};
/* End XCBuildConfiguration section */

/* Begin XCConfigurationList section */
		318D671822E981D900B4B1BB /* Build configuration list for PBXProject "YSButton" */ = {
			isa = XCConfigurationList;
			buildConfigurations = (
				318D673122E981DA00B4B1BB /* Debug */,
				318D673222E981DA00B4B1BB /* Release */,
			);
			defaultConfigurationIsVisible = 0;
			defaultConfigurationName = Release;
		};
		318D673322E981DA00B4B1BB /* Build configuration list for PBXNativeTarget "YSButton" */ = {
			isa = XCConfigurationList;
			buildConfigurations = (
				318D673422E981DA00B4B1BB /* Debug */,
				318D673522E981DA00B4B1BB /* Release */,
			);
			defaultConfigurationIsVisible = 0;
			defaultConfigurationName = Release;
		};
/* End XCConfigurationList section */
	};
	rootObject = 318D671522E981D900B4B1BB /* Project object */;
}
